// !$*UTF8*$!
{
	archiveVersion = 1;
	classes = {
	};
	objectVersion = 52;
	objects = {

/* Begin PBXBuildFile section */
		FE19FA2D238E34AA006F9172 /* modeDays.swift in Sources */ = {isa = PBXBuildFile; fileRef = FE19FA2C238E34AA006F9172 /* modeDays.swift */; };
		FE19FA2F238E5F4E006F9172 /* WeatherCellTableViewCell.swift in Sources */ = {isa = PBXBuildFile; fileRef = FE19FA2E238E5F4E006F9172 /* WeatherCellTableViewCell.swift */; };
		FE69AF36238D184300ABA3DD /* SearchAllTableViewController.swift in Sources */ = {isa = PBXBuildFile; fileRef = FE69AF35238D184300ABA3DD /* SearchAllTableViewController.swift */; };
		FEAF7D2F238BE219003ECE30 /* AppDelegate.swift in Sources */ = {isa = PBXBuildFile; fileRef = FEAF7D2E238BE219003ECE30 /* AppDelegate.swift */; };
		FEAF7D31238BE219003ECE30 /* SceneDelegate.swift in Sources */ = {isa = PBXBuildFile; fileRef = FEAF7D30238BE219003ECE30 /* SceneDelegate.swift */; };
		FEAF7D33238BE219003ECE30 /* ViewController.swift in Sources */ = {isa = PBXBuildFile; fileRef = FEAF7D32238BE219003ECE30 /* ViewController.swift */; };
		FEAF7D36238BE219003ECE30 /* Main.storyboard in Resources */ = {isa = PBXBuildFile; fileRef = FEAF7D34238BE219003ECE30 /* Main.storyboard */; };
		FEAF7D38238BE21C003ECE30 /* Assets.xcassets in Resources */ = {isa = PBXBuildFile; fileRef = FEAF7D37238BE21C003ECE30 /* Assets.xcassets */; };
		FEAF7D3B238BE21C003ECE30 /* LaunchScreen.storyboard in Resources */ = {isa = PBXBuildFile; fileRef = FEAF7D39238BE21C003ECE30 /* LaunchScreen.storyboard */; };
		FEAF7D43238BEDB3003ECE30 /* modeWeather.swift in Sources */ = {isa = PBXBuildFile; fileRef = FEAF7D42238BEDB3003ECE30 /* modeWeather.swift */; };
		FEE3BFB6238F68A300D86939 /* SwiftyJSON in Frameworks */ = {isa = PBXBuildFile; productRef = FEE3BFB5238F68A300D86939 /* SwiftyJSON */; };
/* End PBXBuildFile section */

/* Begin PBXFileReference section */
		FE19FA2C238E34AA006F9172 /* modeDays.swift */ = {isa = PBXFileReference; lastKnownFileType = sourcecode.swift; path = modeDays.swift; sourceTree = "<group>"; };
		FE19FA2E238E5F4E006F9172 /* WeatherCellTableViewCell.swift */ = {isa = PBXFileReference; lastKnownFileType = sourcecode.swift; path = WeatherCellTableViewCell.swift; sourceTree = "<group>"; };
		FE69AF35238D184300ABA3DD /* SearchAllTableViewController.swift */ = {isa = PBXFileReference; lastKnownFileType = sourcecode.swift; path = SearchAllTableViewController.swift; sourceTree = "<group>"; };
		FEAF7D2B238BE219003ECE30 /* Weather_HaNoi.app */ = {isa = PBXFileReference; explicitFileType = wrapper.application; includeInIndex = 0; path = Weather_HaNoi.app; sourceTree = BUILT_PRODUCTS_DIR; };
		FEAF7D2E238BE219003ECE30 /* AppDelegate.swift */ = {isa = PBXFileReference; lastKnownFileType = sourcecode.swift; path = AppDelegate.swift; sourceTree = "<group>"; };
		FEAF7D30238BE219003ECE30 /* SceneDelegate.swift */ = {isa = PBXFileReference; lastKnownFileType = sourcecode.swift; path = SceneDelegate.swift; sourceTree = "<group>"; };
		FEAF7D32238BE219003ECE30 /* ViewController.swift */ = {isa = PBXFileReference; lastKnownFileType = sourcecode.swift; path = ViewController.swift; sourceTree = "<group>"; };
		FEAF7D35238BE219003ECE30 /* Base */ = {isa = PBXFileReference; lastKnownFileType = file.storyboard; name = Base; path = Base.lproj/Main.storyboard; sourceTree = "<group>"; };
		FEAF7D37238BE21C003ECE30 /* Assets.xcassets */ = {isa = PBXFileReference; lastKnownFileType = folder.assetcatalog; path = Assets.xcassets; sourceTree = "<group>"; };
		FEAF7D3A238BE21C003ECE30 /* Base */ = {isa = PBXFileReference; lastKnownFileType = file.storyboard; name = Base; path = Base.lproj/LaunchScreen.storyboard; sourceTree = "<group>"; };
		FEAF7D3C238BE21C003ECE30 /* Info.plist */ = {isa = PBXFileReference; lastKnownFileType = text.plist.xml; path = Info.plist; sourceTree = "<group>"; };
		FEAF7D42238BEDB3003ECE30 /* modeWeather.swift */ = {isa = PBXFileReference; lastKnownFileType = sourcecode.swift; path = modeWeather.swift; sourceTree = "<group>"; };
/* End PBXFileReference section */

/* Begin PBXFrameworksBuildPhase section */
		FEAF7D28238BE219003ECE30 /* Frameworks */ = {
			isa = PBXFrameworksBuildPhase;
			buildActionMask = 2147483647;
			files = (
				FEE3BFB6238F68A300D86939 /* SwiftyJSON in Frameworks */,
			);
			runOnlyForDeploymentPostprocessing = 0;
		};
/* End PBXFrameworksBuildPhase section */

/* Begin PBXGroup section */
		FEAF7D22238BE219003ECE30 = {
			isa = PBXGroup;
			children = (
				FEAF7D2D238BE219003ECE30 /* Weather_HaNoi */,
				FEAF7D2C238BE219003ECE30 /* Products */,
			);
			sourceTree = "<group>";
		};
		FEAF7D2C238BE219003ECE30 /* Products */ = {
			isa = PBXGroup;
			children = (
				FEAF7D2B238BE219003ECE30 /* Weather_HaNoi.app */,
			);
			name = Products;
			sourceTree = "<group>";
		};
		FEAF7D2D238BE219003ECE30 /* Weather_HaNoi */ = {
			isa = PBXGroup;
			children = (
				FEAF7D2E238BE219003ECE30 /* AppDelegate.swift */,
				FEAF7D30238BE219003ECE30 /* SceneDelegate.swift */,
				FEAF7D32238BE219003ECE30 /* ViewController.swift */,
				FEAF7D34238BE219003ECE30 /* Main.storyboard */,
				FEAF7D37238BE21C003ECE30 /* Assets.xcassets */,
				FEAF7D39238BE21C003ECE30 /* LaunchScreen.storyboard */,
				FEAF7D3C238BE21C003ECE30 /* Info.plist */,
				FEAF7D42238BEDB3003ECE30 /* modeWeather.swift */,
				FE69AF35238D184300ABA3DD /* SearchAllTableViewController.swift */,
				FE19FA2C238E34AA006F9172 /* modeDays.swift */,
				FE19FA2E238E5F4E006F9172 /* WeatherCellTableViewCell.swift */,
			);
			path = Weather_HaNoi;
			sourceTree = "<group>";
		};
/* End PBXGroup section */

/* Begin PBXNativeTarget section */
		FEAF7D2A238BE219003ECE30 /* Weather_HaNoi */ = {
			isa = PBXNativeTarget;
			buildConfigurationList = FEAF7D3F238BE21C003ECE30 /* Build configuration list for PBXNativeTarget "Weather_HaNoi" */;
			buildPhases = (
				FEAF7D27238BE219003ECE30 /* Sources */,
				FEAF7D28238BE219003ECE30 /* Frameworks */,
				FEAF7D29238BE219003ECE30 /* Resources */,
			);
			buildRules = (
			);
			dependencies = (
			);
			name = Weather_HaNoi;
			packageProductDependencies = (
				FEE3BFB5238F68A300D86939 /* SwiftyJSON */,
			);
			productName = Weather_HaNoi;
			productReference = FEAF7D2B238BE219003ECE30 /* Weather_HaNoi.app */;
			productType = "com.apple.product-type.application";
		};
/* End PBXNativeTarget section */

/* Begin PBXProject section */
		FEAF7D23238BE219003ECE30 /* Project object */ = {
			isa = PBXProject;
			attributes = {
				LastSwiftUpdateCheck = 1120;
				LastUpgradeCheck = 1120;
				ORGANIZATIONNAME = "Nguyễn Đình Thành Long";
				TargetAttributes = {
					FEAF7D2A238BE219003ECE30 = {
						CreatedOnToolsVersion = 11.2.1;
					};
				};
			};
			buildConfigurationList = FEAF7D26238BE219003ECE30 /* Build configuration list for PBXProject "Weather_HaNoi" */;
			compatibilityVersion = "Xcode 9.3";
			developmentRegion = en;
			hasScannedForEncodings = 0;
			knownRegions = (
				en,
				Base,
			);
			mainGroup = FEAF7D22238BE219003ECE30;
			packageReferences = (
				FEE3BFB4238F68A300D86939 /* XCRemoteSwiftPackageReference "SwiftyJSON" */,
			);
			productRefGroup = FEAF7D2C238BE219003ECE30 /* Products */;
			projectDirPath = "";
			projectRoot = "";
			targets = (
				FEAF7D2A238BE219003ECE30 /* Weather_HaNoi */,
			);
		};
/* End PBXProject section */

/* Begin PBXResourcesBuildPhase section */
		FEAF7D29238BE219003ECE30 /* Resources */ = {
			isa = PBXResourcesBuildPhase;
			buildActionMask = 2147483647;
			files = (
				FEAF7D3B238BE21C003ECE30 /* LaunchScreen.storyboard in Resources */,
				FEAF7D38238BE21C003ECE30 /* Assets.xcassets in Resources */,
				FEAF7D36238BE219003ECE30 /* Main.storyboard in Resources */,
			);
			runOnlyForDeploymentPostprocessing = 0;
		};
/* End PBXResourcesBuildPhase section */

/* Begin PBXSourcesBuildPhase section */
		FEAF7D27238BE219003ECE30 /* Sources */ = {
			isa = PBXSourcesBuildPhase;
			buildActionMask = 2147483647;
			files = (
				FEAF7D33238BE219003ECE30 /* ViewController.swift in Sources */,
				FEAF7D2F238BE219003ECE30 /* AppDelegate.swift in Sources */,
				FE19FA2D238E34AA006F9172 /* modeDays.swift in Sources */,
				FE19FA2F238E5F4E006F9172 /* WeatherCellTableViewCell.swift in Sources */,
				FEAF7D43238BEDB3003ECE30 /* modeWeather.swift in Sources */,
				FEAF7D31238BE219003ECE30 /* SceneDelegate.swift in Sources */,
				FE69AF36238D184300ABA3DD /* SearchAllTableViewController.swift in Sources */,
			);
			runOnlyForDeploymentPostprocessing = 0;
		};
/* End PBXSourcesBuildPhase section */

/* Begin PBXVariantGroup section */
		FEAF7D34238BE219003ECE30 /* Main.storyboard */ = {
			isa = PBXVariantGroup;
			children = (
				FEAF7D35238BE219003ECE30 /* Base */,
			);
			name = Main.storyboard;
			sourceTree = "<group>";
		};
		FEAF7D39238BE21C003ECE30 /* LaunchScreen.storyboard */ = {
			isa = PBXVariantGroup;
			children = (
				FEAF7D3A238BE21C003ECE30 /* Base */,
			);
			name = LaunchScreen.storyboard;
			sourceTree = "<group>";
		};
/* End PBXVariantGroup section */

/* Begin XCBuildConfiguration section */
		FEAF7D3D238BE21C003ECE30 /* Debug */ = {
			isa = XCBuildConfiguration;
			buildSettings = {
				ALWAYS_SEARCH_USER_PATHS = NO;
				CLANG_ANALYZER_NONNULL = YES;
				CLANG_ANALYZER_NUMBER_OBJECT_CONVERSION = YES_AGGRESSIVE;
				CLANG_CXX_LANGUAGE_STANDARD = "gnu++14";
				CLANG_CXX_LIBRARY = "libc++";
				CLANG_ENABLE_MODULES = YES;
				CLANG_ENABLE_OBJC_ARC = YES;
				CLANG_ENABLE_OBJC_WEAK = YES;
				CLANG_WARN_BLOCK_CAPTURE_AUTORELEASING = YES;
				CLANG_WARN_BOOL_CONVERSION = YES;
				CLANG_WARN_COMMA = YES;
				CLANG_WARN_CONSTANT_CONVERSION = YES;
				CLANG_WARN_DEPRECATED_OBJC_IMPLEMENTATIONS = YES;
				CLANG_WARN_DIRECT_OBJC_ISA_USAGE = YES_ERROR;
				CLANG_WARN_DOCUMENTATION_COMMENTS = YES;
				CLANG_WARN_EMPTY_BODY = YES;
				CLANG_WARN_ENUM_CONVERSION = YES;
				CLANG_WARN_INFINITE_RECURSION = YES;
				CLANG_WARN_INT_CONVERSION = YES;
				CLANG_WARN_NON_LITERAL_NULL_CONVERSION = YES;
				CLANG_WARN_OBJC_IMPLICIT_RETAIN_SELF = YES;
				CLANG_WARN_OBJC_LITERAL_CONVERSION = YES;
				CLANG_WARN_OBJC_ROOT_CLASS = YES_ERROR;
				CLANG_WARN_RANGE_LOOP_ANALYSIS = YES;
				CLANG_WARN_STRICT_PROTOTYPES = YES;
				CLANG_WARN_SUSPICIOUS_MOVE = YES;
				CLANG_WARN_UNGUARDED_AVAILABILITY = YES_AGGRESSIVE;
				CLANG_WARN_UNREACHABLE_CODE = YES;
				CLANG_WARN__DUPLICATE_METHOD_MATCH = YES;
				COPY_PHASE_STRIP = NO;
				DEBUG_INFORMATION_FORMAT = dwarf;
				ENABLE_STRICT_OBJC_MSGSEND = YES;
				ENABLE_TESTABILITY = YES;
				GCC_C_LANGUAGE_STANDARD = gnu11;
				GCC_DYNAMIC_NO_PIC = NO;
				GCC_NO_COMMON_BLOCKS = YES;
				GCC_OPTIMIZATION_LEVEL = 0;
				GCC_PREPROCESSOR_DEFINITIONS = (
					"DEBUG=1",
					"$(inherited)",
				);
				GCC_WARN_64_TO_32_BIT_CONVERSION = YES;
				GCC_WARN_ABOUT_RETURN_TYPE = YES_ERROR;
				GCC_WARN_UNDECLARED_SELECTOR = YES;
				GCC_WARN_UNINITIALIZED_AUTOS = YES_AGGRESSIVE;
				GCC_WARN_UNUSED_FUNCTION = YES;
				GCC_WARN_UNUSED_VARIABLE = YES;
				IPHONEOS_DEPLOYMENT_TARGET = 13.2;
				MTL_ENABLE_DEBUG_INFO = INCLUDE_SOURCE;
				MTL_FAST_MATH = YES;
				ONLY_ACTIVE_ARCH = YES;
				SDKROOT = iphoneos;
				SWIFT_ACTIVE_COMPILATION_CONDITIONS = DEBUG;
				SWIFT_OPTIMIZATION_LEVEL = "-Onone";
			};
			name = Debug;
		};
		FEAF7D3E238BE21C003ECE30 /* Release */ = {
			isa = XCBuildConfiguration;
			buildSettings = {
				ALWAYS_SEARCH_USER_PATHS = NO;
				CLANG_ANALYZER_NONNULL = YES;
				CLANG_ANALYZER_NUMBER_OBJECT_CONVERSION = YES_AGGRESSIVE;
				CLANG_CXX_LANGUAGE_STANDARD = "gnu++14";
				CLANG_CXX_LIBRARY = "libc++";
				CLANG_ENABLE_MODULES = YES;
				CLANG_ENABLE_OBJC_ARC = YES;
				CLANG_ENABLE_OBJC_WEAK = YES;
				CLANG_WARN_BLOCK_CAPTURE_AUTORELEASING = YES;
				CLANG_WARN_BOOL_CONVERSION = YES;
				CLANG_WARN_COMMA = YES;
				CLANG_WARN_CONSTANT_CONVERSION = YES;
				CLANG_WARN_DEPRECATED_OBJC_IMPLEMENTATIONS = YES;
				CLANG_WARN_DIRECT_OBJC_ISA_USAGE = YES_ERROR;
				CLANG_WARN_DOCUMENTATION_COMMENTS = YES;
				CLANG_WARN_EMPTY_BODY = YES;
				CLANG_WARN_ENUM_CONVERSION = YES;
				CLANG_WARN_INFINITE_RECURSION = YES;
				CLANG_WARN_INT_CONVERSION = YES;
				CLANG_WARN_NON_LITERAL_NULL_CONVERSION = YES;
				CLANG_WARN_OBJC_IMPLICIT_RETAIN_SELF = YES;
				CLANG_WARN_OBJC_LITERAL_CONVERSION = YES;
				CLANG_WARN_OBJC_ROOT_CLASS = YES_ERROR;
				CLANG_WARN_RANGE_LOOP_ANALYSIS = YES;
				CLANG_WARN_STRICT_PROTOTYPES = YES;
				CLANG_WARN_SUSPICIOUS_MOVE = YES;
				CLANG_WARN_UNGUARDED_AVAILABILITY = YES_AGGRESSIVE;
				CLANG_WARN_UNREACHABLE_CODE = YES;
				CLANG_WARN__DUPLICATE_METHOD_MATCH = YES;
				COPY_PHASE_STRIP = NO;
				DEBUG_INFORMATION_FORMAT = "dwarf-with-dsym";
				ENABLE_NS_ASSERTIONS = NO;
				ENABLE_STRICT_OBJC_MSGSEND = YES;
				GCC_C_LANGUAGE_STANDARD = gnu11;
				GCC_NO_COMMON_BLOCKS = YES;
				GCC_WARN_64_TO_32_BIT_CONVERSION = YES;
				GCC_WARN_ABOUT_RETURN_TYPE = YES_ERROR;
				GCC_WARN_UNDECLARED_SELECTOR = YES;
				GCC_WARN_UNINITIALIZED_AUTOS = YES_AGGRESSIVE;
				GCC_WARN_UNUSED_FUNCTION = YES;
				GCC_WARN_UNUSED_VARIABLE = YES;
				IPHONEOS_DEPLOYMENT_TARGET = 13.2;
				MTL_ENABLE_DEBUG_INFO = NO;
				MTL_FAST_MATH = YES;
				SDKROOT = iphoneos;
				SWIFT_COMPILATION_MODE = wholemodule;
				SWIFT_OPTIMIZATION_LEVEL = "-O";
				VALIDATE_PRODUCT = YES;
			};
			name = Release;
		};
		FEAF7D40238BE21C003ECE30 /* Debug */ = {
			isa = XCBuildConfiguration;
			buildSettings = {
				ASSETCATALOG_COMPILER_APPICON_NAME = AppIcon;
				CODE_SIGN_STYLE = Automatic;
				INFOPLIST_FILE = Weather_HaNoi/Info.plist;
				LD_RUNPATH_SEARCH_PATHS = (
					"$(inherited)",
					"@executable_path/Frameworks",
				);
				PRODUCT_BUNDLE_IDENTIFIER = "VTI.Weather-HaNoi";
				PRODUCT_NAME = "$(TARGET_NAME)";
				SWIFT_VERSION = 5.0;
				TARGETED_DEVICE_FAMILY = "1,2";
			};
			name = Debug;
		};
		FEAF7D41238BE21C003ECE30 /* Release */ = {
			isa = XCBuildConfiguration;
			buildSettings = {
				ASSETCATALOG_COMPILER_APPICON_NAME = AppIcon;
				CODE_SIGN_STYLE = Automatic;
				INFOPLIST_FILE = Weather_HaNoi/Info.plist;
				LD_RUNPATH_SEARCH_PATHS = (
					"$(inherited)",
					"@executable_path/Frameworks",
				);
				PRODUCT_BUNDLE_IDENTIFIER = "VTI.Weather-HaNoi";
				PRODUCT_NAME = "$(TARGET_NAME)";
				SWIFT_VERSION = 5.0;
				TARGETED_DEVICE_FAMILY = "1,2";
			};
			name = Release;
		};
/* End XCBuildConfiguration section */

/* Begin XCConfigurationList section */
		FEAF7D26238BE219003ECE30 /* Build configuration list for PBXProject "Weather_HaNoi" */ = {
			isa = XCConfigurationList;
			buildConfigurations = (
				FEAF7D3D238BE21C003ECE30 /* Debug */,
				FEAF7D3E238BE21C003ECE30 /* Release */,
			);
			defaultConfigurationIsVisible = 0;
			defaultConfigurationName = Release;
		};
		FEAF7D3F238BE21C003ECE30 /* Build configuration list for PBXNativeTarget "Weather_HaNoi" */ = {
			isa = XCConfigurationList;
			buildConfigurations = (
				FEAF7D40238BE21C003ECE30 /* Debug */,
				FEAF7D41238BE21C003ECE30 /* Release */,
			);
			defaultConfigurationIsVisible = 0;
			defaultConfigurationName = Release;
		};
/* End XCConfigurationList section */

/* Begin XCRemoteSwiftPackageReference section */
		FEE3BFB4238F68A300D86939 /* XCRemoteSwiftPackageReference "SwiftyJSON" */ = {
			isa = XCRemoteSwiftPackageReference;
			repositoryURL = "https://github.com/SwiftyJSON/SwiftyJSON.git";
			requirement = {
				kind = upToNextMajorVersion;
				minimumVersion = 5.0.0;
			};
		};
/* End XCRemoteSwiftPackageReference section */

/* Begin XCSwiftPackageProductDependency section */
		FEE3BFB5238F68A300D86939 /* SwiftyJSON */ = {
			isa = XCSwiftPackageProductDependency;
			package = FEE3BFB4238F68A300D86939 /* XCRemoteSwiftPackageReference "SwiftyJSON" */;
			productName = SwiftyJSON;
		};
/* End XCSwiftPackageProductDependency section */
	};
	rootObject = FEAF7D23238BE219003ECE30 /* Project object */;
}
